
Microsoft Visual Studio Solution File, Format Version 12.00
# Visual Studio Version 17
VisualStudioVersion = 17.9.34607.119
MinimumVisualStudioVersion = 10.0.40219.1
Project("{FAE04EC0-301F-11D3-BF4B-00C04F79EFBC}") = "Actividad2Tarea", "Actividad2Tarea\Actividad2Tarea.csproj", "{78A70DD3-1CBE-4EB5-8BE0-39AF6FB89D74}"
EndProject
Global
	GlobalSection(SolutionConfigurationPlatforms) = preSolution
		Debug|Any CPU = Debug|Any CPU
		Release|Any CPU = Release|Any CPU
	EndGlobalSection
	GlobalSection(ProjectConfigurationPlatforms) = postSolution
		{78A70DD3-1CBE-4EB5-8BE0-39AF6FB89D74}.Debug|Any CPU.ActiveCfg = Debug|Any CPU
		{78A70DD3-1CBE-4EB5-8BE0-39AF6FB89D74}.Debug|Any CPU.Build.0 = Debug|Any CPU
		{78A70DD3-1CBE-4EB5-8BE0-39AF6FB89D74}.Release|Any CPU.ActiveCfg = Release|Any CPU
		{78A70DD3-1CBE-4EB5-8BE0-39AF6FB89D74}.Release|Any CPU.Build.0 = Release|Any CPU
	EndGlobalSection
	GlobalSection(SolutionProperties) = preSolution
		HideSolutionNode = FALSE
	EndGlobalSection
	GlobalSection(ExtensibilityGlobals) = postSolution
		SolutionGuid = {AD48C95C-701B-48BB-B250-D3DF67C69C12}
	EndGlobalSection
EndGlobal
